{
  "projects": [
    {
      "projectId": "qo8TRN16ADizSE4k432S4w",
      "version": "latest",
      "dependencies": {},
      "lang": "ts",
      "fileLocks": [
        {
          "type": "globalVariant",
          "assetId": "nAQ2aMFGe5LJ",
          "checksum": "d38c394bd549cf96d0c04344021c5cc0"
        },
        {
          "type": "renderModule",
          "assetId": "URbZe7ntB5Vw",
          "checksum": "5b2ce036e95b3f713fcff3371be85492"
        },
        {
          "type": "cssRules",
          "assetId": "URbZe7ntB5Vw",
          "checksum": "5b2ce036e95b3f713fcff3371be85492"
        },
        {
          "type": "renderModule",
          "assetId": "7dr9nA4iZG8X",
          "checksum": "400ea68cca06354caffac7b9c69ad08b"
        },
        {
          "type": "cssRules",
          "assetId": "7dr9nA4iZG8X",
          "checksum": "400ea68cca06354caffac7b9c69ad08b"
        },
        {
          "type": "renderModule",
          "assetId": "EJkb5HtYOQZW",
          "checksum": "c6a335ba52802e0dcf0092f8d5587999"
        },
        {
          "type": "cssRules",
          "assetId": "EJkb5HtYOQZW",
          "checksum": "c6a335ba52802e0dcf0092f8d5587999"
        },
        {
          "type": "renderModule",
          "assetId": "j9SCK1PNbqFQ",
          "checksum": "417728a329f7c1900c05e8c76d4881e4"
        },
        {
          "type": "cssRules",
          "assetId": "j9SCK1PNbqFQ",
          "checksum": "417728a329f7c1900c05e8c76d4881e4"
        },
        {
          "type": "renderModule",
          "assetId": "dFoSZQJdzhUW",
          "checksum": "aead33d2f4ae255aaeb8c8a695977378"
        },
        {
          "type": "cssRules",
          "assetId": "dFoSZQJdzhUW",
          "checksum": "aead33d2f4ae255aaeb8c8a695977378"
        },
        {
          "type": "renderModule",
          "assetId": "tWBZhmS_WNbt",
          "checksum": "030fd65f01504b5f776e2734dee8b1ac"
        },
        {
          "type": "cssRules",
          "assetId": "tWBZhmS_WNbt",
          "checksum": "030fd65f01504b5f776e2734dee8b1ac"
        },
        {
          "type": "renderModule",
          "assetId": "abCrXzOLL6KR",
          "checksum": "144ad5e1fb3cbcb32fcab46680fb7309"
        },
        {
          "type": "cssRules",
          "assetId": "abCrXzOLL6KR",
          "checksum": "144ad5e1fb3cbcb32fcab46680fb7309"
        },
        {
          "type": "renderModule",
          "assetId": "4tmEIq6Pi4J0",
          "checksum": "4cc290d9359d2c032d7667d104dcd81b"
        },
        {
          "type": "cssRules",
          "assetId": "4tmEIq6Pi4J0",
          "checksum": "4cc290d9359d2c032d7667d104dcd81b"
        },
        {
          "type": "renderModule",
          "assetId": "1bI2Gg80xqzg",
          "checksum": "7bb0ae2156ce099ad8545990ba115969"
        },
        {
          "type": "cssRules",
          "assetId": "1bI2Gg80xqzg",
          "checksum": "7bb0ae2156ce099ad8545990ba115969"
        },
        {
          "type": "renderModule",
          "assetId": "5YvLxLWTv5Hw",
          "checksum": "da3c9fb82358ca6aa6d3c24a13ad8996"
        },
        {
          "type": "cssRules",
          "assetId": "5YvLxLWTv5Hw",
          "checksum": "da3c9fb82358ca6aa6d3c24a13ad8996"
        },
        {
          "type": "renderModule",
          "assetId": "4zm947eWGB-d",
          "checksum": "ca6137746919482359224259cfc7599d"
        },
        {
          "type": "cssRules",
          "assetId": "4zm947eWGB-d",
          "checksum": "ca6137746919482359224259cfc7599d"
        },
        {
          "type": "renderModule",
          "assetId": "ygN1lj6Bk5Gd",
          "checksum": "1523d1b4dc826d814c2a7d39f367a8ba"
        },
        {
          "type": "cssRules",
          "assetId": "ygN1lj6Bk5Gd",
          "checksum": "1523d1b4dc826d814c2a7d39f367a8ba"
        },
        {
          "type": "renderModule",
          "assetId": "AkRn-HJxfE8g",
          "checksum": "ca575d63a70bac0a7a04f0919557c234"
        },
        {
          "type": "cssRules",
          "assetId": "AkRn-HJxfE8g",
          "checksum": "ca575d63a70bac0a7a04f0919557c234"
        },
        {
          "type": "icon",
          "assetId": "OkvPHvnJXxw8",
          "checksum": "7eb09a23ed5d95141af81730373fc823"
        },
        {
          "type": "icon",
          "assetId": "Q8xALO1rwZqi",
          "checksum": "0503a24d607c4e12a06269104efde114"
        },
        {
          "type": "icon",
          "assetId": "Yrr5dehF4hlK",
          "checksum": "d03d6b578562edf5fa7add571b258560"
        },
        {
          "type": "icon",
          "assetId": "hAVvDQ--cN5I",
          "checksum": "80b0a2f5d49818151f6ce26d75b3033a"
        },
        {
          "type": "icon",
          "assetId": "6EmGHJRkrRIE",
          "checksum": "1f1e65169a0fb2ec5b10ee8b66ce3575"
        },
        {
          "type": "icon",
          "assetId": "XLJTwwhisWSo",
          "checksum": "5a78a09d128fa9347e688690ec573d3b"
        },
        {
          "type": "icon",
          "assetId": "T4sZi4emBuVn",
          "checksum": "2fdcc58558ecb4caf316b0d027fb1536"
        },
        {
          "type": "icon",
          "assetId": "tmwKE23XA9gb",
          "checksum": "af7445c85989bffc3bd79d4de4dcfc7a"
        },
        {
          "type": "icon",
          "assetId": "Jo8qd6nesYb6",
          "checksum": "84ba92bf77e1876ba34544e395d4347e"
        },
        {
          "type": "icon",
          "assetId": "Ap_p2mgnr3Qa",
          "checksum": "c00e727af894727d1ddc1f1dcbdd6037"
        },
        {
          "type": "icon",
          "assetId": "wAt5nA-yEcdm",
          "checksum": "99d4c5a7be58c3a1e8ac5a883674e679"
        },
        {
          "type": "icon",
          "assetId": "gBplA5RDKPV4",
          "checksum": "597fcf9c89a1712f430090b0aae14b54"
        },
        {
          "type": "icon",
          "assetId": "kBYDdaDB3p-X",
          "checksum": "5b4aba430c1842f513348c60158cd624"
        },
        {
          "type": "icon",
          "assetId": "CGJfpPCtwK3G",
          "checksum": "ade4efa50d38d1e66bb57fbec5ead00a"
        },
        {
          "type": "icon",
          "assetId": "MKxF8HVYrCYR",
          "checksum": "b6dc896aa372b18637cc31c80619f8e1"
        },
        {
          "type": "icon",
          "assetId": "d367c61_vBfu",
          "checksum": "35d0b1fcc0cb84238db16b73519c2121"
        },
        {
          "type": "icon",
          "assetId": "DzwAfwKC0wDG",
          "checksum": "2911becb17f219b9745631e574cc4bd1"
        },
        {
          "type": "icon",
          "assetId": "IWBU_7oMCNmS",
          "checksum": "f3dfd3630d7f5979c592abbbdc0ab7a7"
        },
        {
          "type": "icon",
          "assetId": "WAKL6gqUOhV1",
          "checksum": "d54de9848e2603ba44539e780b9c2b70"
        },
        {
          "type": "image",
          "assetId": "MkCP7cSzI3PL",
          "checksum": "5088f70ec437cebaad422f9e5a1867fb"
        },
        {
          "type": "image",
          "assetId": "kHX0Pb5NMb7Z",
          "checksum": "e66bec7f0adf8ce445174334422b362a"
        },
        {
          "type": "image",
          "assetId": "hCmWl5Hr6_nZ",
          "checksum": "6f763b7dcebef778134db11accc2d8ef"
        },
        {
          "type": "image",
          "assetId": "mTlGyZvfOXGX",
          "checksum": "debc6c3ae00bd3c7dd2921359c80765b"
        },
        {
          "type": "image",
          "assetId": "7pTEacgaIDf7",
          "checksum": "46db5750934fcc39960986a108f57f62"
        },
        {
          "type": "image",
          "assetId": "Sl7Dan5oKLr8",
          "checksum": "615ffc253435d80186a06c4f7500838f"
        },
        {
          "type": "image",
          "assetId": "toTpJU5MFO95",
          "checksum": "51e0f1d8f5de004a09dca41d6d2ff1a2"
        },
        {
          "type": "image",
          "assetId": "TBnaRTTTydNZ",
          "checksum": "f2402d08ca4add61dd80f5158d041383"
        },
        {
          "type": "image",
          "assetId": "pt2uu-J-Ksvz",
          "checksum": "4d039db1bd9cc13117fd0d10d0cbe01c"
        },
        {
          "type": "image",
          "assetId": "c7dM23c0CEQB",
          "checksum": "2051bf792fc559d22428de4ce076394e"
        },
        {
          "type": "image",
          "assetId": "yFwfzBXNnpcT",
          "checksum": "9ee0b806be05c4005b6ab1c1128d3270"
        },
        {
          "type": "image",
          "assetId": "Qjnx1m-zpY-e",
          "checksum": "212726c7fdd0b48c66fbfbebf81dffdd"
        },
        {
          "type": "image",
          "assetId": "ewvIxrMKly0U",
          "checksum": "1b27c715cc00c3febb5c4cdc622e8cd8"
        },
        {
          "type": "image",
          "assetId": "CPRed_tH7lBf",
          "checksum": "08283804a0490b6192717a90610b69c5"
        },
        {
          "type": "image",
          "assetId": "7-oHshsm9gfS",
          "checksum": "044df2cd98a33b6e1e96aa579bc36457"
        },
        {
          "type": "image",
          "assetId": "Hy5v-IakzYz3",
          "checksum": "bdfd76a8c25029d04d014769fca04ca8"
        },
        {
          "type": "image",
          "assetId": "IyQWXG0vOK56",
          "checksum": "66addb93a2ac7e49803e3c9e2a3da869"
        },
        {
          "type": "image",
          "assetId": "HlMSukfDzsTu",
          "checksum": "bc2dd9128851eaa68a9fa71432977d06"
        },
        {
          "type": "image",
          "assetId": "a8DjFvGZxbdC",
          "checksum": "891821b088bb47da423794ea726d48ad"
        },
        {
          "type": "image",
          "assetId": "JJZgnGJ1lQsa",
          "checksum": "f192fc74e175887c7c63de7f44c64514"
        },
        {
          "type": "image",
          "assetId": "d5VotNsOlkCg",
          "checksum": "62939d5e979a7ac72d30f5ef293fcd3b"
        },
        {
          "type": "image",
          "assetId": "Bl4n5QZ_kcU_",
          "checksum": "48a227bd7416c6ff2fcb8cb44cb36538"
        },
        {
          "type": "image",
          "assetId": "Et7Xl9tzPEH5",
          "checksum": "77ec9f640cd76cc6bcecdde92b5397ee"
        },
        {
          "type": "image",
          "assetId": "7w6vz_Jpi6W2",
          "checksum": "7ae53add18249cdd18dbdef4573bdaf9"
        },
        {
          "type": "image",
          "assetId": "RjHaTBFQ-Bai",
          "checksum": "3f87273620d751717859fdc55b84f6ca"
        },
        {
          "type": "image",
          "assetId": "h7QyUcJavS0Y",
          "checksum": "63d91f2f6a2c790231e4e11666d25388"
        },
        {
          "type": "image",
          "assetId": "G2yO-0yXeL5s",
          "checksum": "b51bf0f8263809867c9f7573b2b500ad"
        },
        {
          "type": "image",
          "assetId": "vjOO8IuPmQso",
          "checksum": "03fc3be28f734514a0706e50b0b7a709"
        },
        {
          "type": "image",
          "assetId": "rO9bsr9OFXf1",
          "checksum": "2e2ae3388fddc243343ad9b52793811e"
        },
        {
          "type": "image",
          "assetId": "roVBV07DPITd",
          "checksum": "e7b6c1c82f06f17c5426a3e2fb5cbcf7"
        },
        {
          "type": "image",
          "assetId": "C4fTUib36EEy",
          "checksum": "b57e3d21d1e8b2ea6e5f99a12be14190"
        },
        {
          "type": "image",
          "assetId": "ZmUEcpkm3BhI",
          "checksum": "61c6965c4eac47d3f6309e7f555daec9"
        },
        {
          "type": "image",
          "assetId": "cl_QC-iCMGyh",
          "checksum": "0bf177ccee1b0be269ab3f9c01581ebc"
        },
        {
          "type": "image",
          "assetId": "HA6FHzIS5L8O",
          "checksum": "84a7417a25e3c15ced371e012f961f8b"
        },
        {
          "type": "image",
          "assetId": "B0yNK86OEv5n",
          "checksum": "c71d058cb81dfac2712bdd844eb94196"
        },
        {
          "type": "image",
          "assetId": "O-d0iuli91-Z",
          "checksum": "d4807603224d39e12d5842c08aed1efa"
        },
        {
          "type": "image",
          "assetId": "RI5JpOqo8yvV",
          "checksum": "f6e831d7260c48e1ce025229ae6d2b21"
        },
        {
          "type": "image",
          "assetId": "sZFRgJDJ23uY",
          "checksum": "33392f5675139c570dd0ee74b3ba53a3"
        },
        {
          "type": "image",
          "assetId": "UiNs6eyyala4",
          "checksum": "ced1dd5f6b922808a02e28b0d74dcc89"
        },
        {
          "type": "image",
          "assetId": "wsUIviYRBJ1l",
          "checksum": "c81b45794c14cdec4e9ebb4d9bcc498f"
        },
        {
          "type": "image",
          "assetId": "2bmCMy0vbKBF",
          "checksum": "f49184a7a64bf78b5766178114630a0a"
        },
        {
          "type": "image",
          "assetId": "j13_lc9ZNGUX",
          "checksum": "6b27f4035a7a9eb554ebfc635067a874"
        },
        {
          "type": "image",
          "assetId": "AT_aVmnrTZK_",
          "checksum": "aa516bfcdf82ea322a86dbea7178c416"
        },
        {
          "type": "image",
          "assetId": "AzUrf0TMGFBx",
          "checksum": "c80d15ba6c90073c53c5c07a3b3862a9"
        },
        {
          "type": "image",
          "assetId": "eQ90a6VoWt5C",
          "checksum": "ea8953cda573dac97e1de7a2ba246f50"
        },
        {
          "type": "image",
          "assetId": "5visQLVdv36f",
          "checksum": "0742ccc667a684c19c7e9d5182cee12f"
        },
        {
          "type": "image",
          "assetId": "k2hrfQJN8j6z",
          "checksum": "5eec20b2e0038a218f4b3cb60160cc24"
        },
        {
          "type": "image",
          "assetId": "FwRf83dTuMvJ",
          "checksum": "775f2f92fac3dc925c17ff94e0ddddb6"
        },
        {
          "type": "image",
          "assetId": "unfGsGYf-EWp",
          "checksum": "919749ed579ff82c70bddc257968b633"
        },
        {
          "type": "image",
          "assetId": "YkBllrgOsFzq",
          "checksum": "8745cedf8f02137485d9299fe5651a89"
        },
        {
          "type": "image",
          "assetId": "n80tL6YXPH9H",
          "checksum": "453c74ec56a095bdb79ea1a3d8f4fb76"
        },
        {
          "type": "image",
          "assetId": "x--wFakO9vN3",
          "checksum": "d1cfcbbd759f5d5854f555868bfb78ad"
        },
        {
          "type": "image",
          "assetId": "hpX0QFt8KO6R",
          "checksum": "37a54faf90ac80a61b045c76f0099e3e"
        },
        {
          "type": "image",
          "assetId": "fScfvD-IMWfg",
          "checksum": "46db80db5e5008324dc6be02b7527f17"
        },
        {
          "type": "image",
          "assetId": "fNlQp9nQdZO3",
          "checksum": "c9e5fd40c2de6c3f66a074944d77607a"
        },
        {
          "type": "image",
          "assetId": "S386Vk_oFfqD",
          "checksum": "593d3070360c65672e48383a7397e7a9"
        },
        {
          "type": "image",
          "assetId": "6Jau5EMTqBMo",
          "checksum": "7dc11f3fabc70c75fabf74d9f910b65b"
        },
        {
          "type": "image",
          "assetId": "wCSZJ9Mlb36v",
          "checksum": "062ad4bd26cd1b66f28366f4210ef095"
        },
        {
          "type": "image",
          "assetId": "zWCoEDbtxN-f",
          "checksum": "910c1b97fd264caa525712d928f32ff5"
        },
        {
          "type": "image",
          "assetId": "VDCMQ8ydsHpy",
          "checksum": "9c8165327a5108745ba454ec893eec8f"
        },
        {
          "type": "image",
          "assetId": "zK96CBGbsbfO",
          "checksum": "4160cdfdeeceb91ce093cfbf69941b85"
        },
        {
          "type": "image",
          "assetId": "zABJNhqTIXc8",
          "checksum": "bd757462f074e629e65e439e03da3d7c"
        },
        {
          "assetId": "qo8TRN16ADizSE4k432S4w",
          "type": "projectCss",
          "checksum": "678755d612a8ddf5cb8a3f2a07992144"
        }
      ],
      "codegenVersion": "0.0.1"
    }
  ],
  "cliVersion": "0.1.318"
}
